
Microsoft Visual Studio Solution File, Format Version 12.00
# Visual Studio 15
VisualStudioVersion = 15.0.28010.2046
MinimumVisualStudioVersion = 10.0.40219.1
Project("{FAE04EC0-301F-11D3-BF4B-00C04F79EFBC}") = "EAAutoFramework", "EATestProject\EAAutoFramework.csproj", "{AF834486-E1DF-4283-9461-F6960B09A8C8}"
EndProject
Project("{FAE04EC0-301F-11D3-BF4B-00C04F79EFBC}") = "EAEmployeeTest", "EAEmployeeTest\EAEmployeeTest.csproj", "{757C659F-5BDC-4AD2-8BAC-396F29D5A1F7}"
EndProject
Global
	GlobalSection(SolutionConfigurationPlatforms) = preSolution
		Debug|Any CPU = Debug|Any CPU
		Release|Any CPU = Release|Any CPU
	EndGlobalSection
	GlobalSection(ProjectConfigurationPlatforms) = postSolution
		{AF834486-E1DF-4283-9461-F6960B09A8C8}.Debug|Any CPU.ActiveCfg = Debug|Any CPU
		{AF834486-E1DF-4283-9461-F6960B09A8C8}.Debug|Any CPU.Build.0 = Debug|Any CPU
		{AF834486-E1DF-4283-9461-F6960B09A8C8}.Release|Any CPU.ActiveCfg = Release|Any CPU
		{AF834486-E1DF-4283-9461-F6960B09A8C8}.Release|Any CPU.Build.0 = Release|Any CPU
		{757C659F-5BDC-4AD2-8BAC-396F29D5A1F7}.Debug|Any CPU.ActiveCfg = Debug|Any CPU
		{757C659F-5BDC-4AD2-8BAC-396F29D5A1F7}.Debug|Any CPU.Build.0 = Debug|Any CPU
		{757C659F-5BDC-4AD2-8BAC-396F29D5A1F7}.Release|Any CPU.ActiveCfg = Release|Any CPU
		{757C659F-5BDC-4AD2-8BAC-396F29D5A1F7}.Release|Any CPU.Build.0 = Release|Any CPU
	EndGlobalSection
	GlobalSection(SolutionProperties) = preSolution
		HideSolutionNode = FALSE
	EndGlobalSection
	GlobalSection(ExtensibilityGlobals) = postSolution
		SolutionGuid = {185B446A-F964-4E02-896F-39A1939473A3}
	EndGlobalSection
EndGlobal
